{
  "name": "@gating-cli/get-npm-info",
  "version": "1.0.2",
  "lockfileVersion": 1,
  "requires": true,
  "dependencies": {
    "@gating-cli/request": {
      "version": "file:../request",
      "requires": {
        "@gating-cli/spinner": "file:../spinner",
        "@gating-cli/utils": "file:../utils",
        "axios": "^0.25.0"
      },
      "dependencies": {
        "@gating-cli/spinner": {
          "version": "file:../spinner",
          "requires": {
            "cli-spinner": "^0.2.10"
          },
          "dependencies": {
            "cli-spinner": {
              "version": "0.2.10",
              "resolved": "https://registry.npmmirror.com/cli-spinner/-/cli-spinner-0.2.10.tgz",
              "integrity": "sha512-U0sSQ+JJvSLi1pAYuJykwiA8Dsr15uHEy85iCJ6A+0DjVxivr3d+N2Wjvodeg89uP5K6TswFkKBfAD7B3YSn/Q=="
            }
          }
        },
        "@gating-cli/utils": {
          "version": "file:../utils"
        },
        "axios": {
          "version": "0.25.0",
          "resolved": "https://registry.npmmirror.com/axios/-/axios-0.25.0.tgz",
          "integrity": "sha512-cD8FOb0tRH3uuEe6+evtAbgJtfxr7ly3fQjYcMcuPlgkwVS9xboaVIpcDV+cYQe+yGykgwZCs1pzjntcGa6l5g==",
          "requires": {
            "follow-redirects": "^1.14.7"
          }
        },
        "follow-redirects": {
          "version": "1.14.7",
          "resolved": "https://registry.npmmirror.com/follow-redirects/-/follow-redirects-1.14.7.tgz",
          "integrity": "sha512-+hbxoLbFMbRKDwohX8GkTataGqO6Jb7jGwpAlwgy2bIz25XtRm7KEzJM76R1WiNT5SwZkX4Y75SwBolkpmE7iQ=="
        }
      }
    },
    "@gating-cli/utils": {
      "version": "file:../utils"
    },
    "lru-cache": {
      "version": "6.0.0",
      "resolved": "https://registry.npmmirror.com/lru-cache/-/lru-cache-6.0.0.tgz",
      "integrity": "sha512-Jo6dJ04CmSjuznwJSS3pUeWmd/H0ffTlkXXgwZi+eq1UCmqQwCh+eLsYOYCwY991i2Fah4h1BEMCx4qThGbsiA==",
      "requires": {
        "yallist": "^4.0.0"
      }
    },
    "semver": {
      "version": "7.3.5",
      "resolved": "https://registry.npmmirror.com/semver/-/semver-7.3.5.tgz",
      "integrity": "sha512-PoeGJYh8HK4BTO/a9Tf6ZG3veo/A7ZVsYrSA6J8ny9nb3B1VrpkuN+z9OE5wfE5p6H4LchYZsegiQgbJD94ZFQ==",
      "requires": {
        "lru-cache": "^6.0.0"
      }
    },
    "url-join": {
      "version": "4.0.1",
      "resolved": "https://registry.npmmirror.com/url-join/-/url-join-4.0.1.tgz",
      "integrity": "sha512-jk1+QP6ZJqyOiuEI9AEWQfju/nB2Pw466kbA0LEZljHwKeMgd9WrAEgEGxjPDD2+TNbbb37rTyhEfrCXfuKXnA=="
    },
    "yallist": {
      "version": "4.0.0",
      "resolved": "https://registry.npmmirror.com/yallist/-/yallist-4.0.0.tgz",
      "integrity": "sha512-3wdGidZyq5PB084XLES5TpOSRA3wjXAlIWMhum2kRcv/41Sn2emQ0dycQW4uZXLejwKvg6EsvbdlVL+FYEct7A=="
    }
  }
}
